// !$*UTF8*$!
{
	archiveVersion = 1;
	classes = {
	};
	objectVersion = 46;
	objects = {

/* Begin PBXBuildFile section */
		9D8263DE1D9F28C000CFE782 /* AppDelegate.swift in Sources */ = {isa = PBXBuildFile; fileRef = 9D8263DD1D9F28C000CFE782 /* AppDelegate.swift */; };
		9D8263E01D9F28C000CFE782 /* ViewController.swift in Sources */ = {isa = PBXBuildFile; fileRef = 9D8263DF1D9F28C000CFE782 /* ViewController.swift */; };
		9D8263E31D9F28C000CFE782 /* Main.storyboard in Resources */ = {isa = PBXBuildFile; fileRef = 9D8263E11D9F28C000CFE782 /* Main.storyboard */; };
		9D8263E51D9F28C000CFE782 /* Assets.xcassets in Resources */ = {isa = PBXBuildFile; fileRef = 9D8263E41D9F28C000CFE782 /* Assets.xcassets */; };
		9D8263E81D9F28C000CFE782 /* LaunchScreen.storyboard in Resources */ = {isa = PBXBuildFile; fileRef = 9D8263E61D9F28C000CFE782 /* LaunchScreen.storyboard */; };
		9D8263F31D9F28C000CFE782 /* Hello_iOSTests.swift in Sources */ = {isa = PBXBuildFile; fileRef = 9D8263F21D9F28C000CFE782 /* Hello_iOSTests.swift */; };
		9D8263FE1D9F28C000CFE782 /* Hello_iOSUITests.swift in Sources */ = {isa = PBXBuildFile; fileRef = 9D8263FD1D9F28C000CFE782 /* Hello_iOSUITests.swift */; };
/* End PBXBuildFile section */

/* Begin PBXContainerItemProxy section */
		9D8263EF1D9F28C000CFE782 /* PBXContainerItemProxy */ = {
			isa = PBXContainerItemProxy;
			containerPortal = 9D8263D21D9F28C000CFE782 /* Project object */;
			proxyType = 1;
			remoteGlobalIDString = 9D8263D91D9F28C000CFE782;
			remoteInfo = "Hello-iOS";
		};
		9D8263FA1D9F28C000CFE782 /* PBXContainerItemProxy */ = {
			isa = PBXContainerItemProxy;
			containerPortal = 9D8263D21D9F28C000CFE782 /* Project object */;
			proxyType = 1;
			remoteGlobalIDString = 9D8263D91D9F28C000CFE782;
			remoteInfo = "Hello-iOS";
		};
/* End PBXContainerItemProxy section */

/* Begin PBXFileReference section */
		9D8263DA1D9F28C000CFE782 /* Hello-iOS.app */ = {isa = PBXFileReference; explicitFileType = wrapper.application; includeInIndex = 0; path = "Hello-iOS.app"; sourceTree = BUILT_PRODUCTS_DIR; };
		9D8263DD1D9F28C000CFE782 /* AppDelegate.swift */ = {isa = PBXFileReference; lastKnownFileType = sourcecode.swift; path = AppDelegate.swift; sourceTree = "<group>"; };
		9D8263DF1D9F28C000CFE782 /* ViewController.swift */ = {isa = PBXFileReference; lastKnownFileType = sourcecode.swift; path = ViewController.swift; sourceTree = "<group>"; };
		9D8263E21D9F28C000CFE782 /* Base */ = {isa = PBXFileReference; lastKnownFileType = file.storyboard; name = Base; path = Base.lproj/Main.storyboard; sourceTree = "<group>"; };
		9D8263E41D9F28C000CFE782 /* Assets.xcassets */ = {isa = PBXFileReference; lastKnownFileType = folder.assetcatalog; path = Assets.xcassets; sourceTree = "<group>"; };
		9D8263E71D9F28C000CFE782 /* Base */ = {isa = PBXFileReference; lastKnownFileType = file.storyboard; name = Base; path = Base.lproj/LaunchScreen.storyboard; sourceTree = "<group>"; };
		9D8263E91D9F28C000CFE782 /* Info.plist */ = {isa = PBXFileReference; lastKnownFileType = text.plist.xml; path = Info.plist; sourceTree = "<group>"; };
		9D8263EE1D9F28C000CFE782 /* Hello-iOSTests.xctest */ = {isa = PBXFileReference; explicitFileType = wrapper.cfbundle; includeInIndex = 0; path = "Hello-iOSTests.xctest"; sourceTree = BUILT_PRODUCTS_DIR; };
		9D8263F21D9F28C000CFE782 /* Hello_iOSTests.swift */ = {isa = PBXFileReference; lastKnownFileType = sourcecode.swift; path = Hello_iOSTests.swift; sourceTree = "<group>"; };
		9D8263F41D9F28C000CFE782 /* Info.plist */ = {isa = PBXFileReference; lastKnownFileType = text.plist.xml; path = Info.plist; sourceTree = "<group>"; };
		9D8263F91D9F28C000CFE782 /* Hello-iOSUITests.xctest */ = {isa = PBXFileReference; explicitFileType = wrapper.cfbundle; includeInIndex = 0; path = "Hello-iOSUITests.xctest"; sourceTree = BUILT_PRODUCTS_DIR; };
		9D8263FD1D9F28C000CFE782 /* Hello_iOSUITests.swift */ = {isa = PBXFileReference; lastKnownFileType = sourcecode.swift; path = Hello_iOSUITests.swift; sourceTree = "<group>"; };
		9D8263FF1D9F28C000CFE782 /* Info.plist */ = {isa = PBXFileReference; lastKnownFileType = text.plist.xml; path = Info.plist; sourceTree = "<group>"; };
/* End PBXFileReference section */

/* Begin PBXFrameworksBuildPhase section */
		9D8263D71D9F28C000CFE782 /* Frameworks */ = {
			isa = PBXFrameworksBuildPhase;
			buildActionMask = 2147483647;
			files = (
			);
			runOnlyForDeploymentPostprocessing = 0;
		};
		9D8263EB1D9F28C000CFE782 /* Frameworks */ = {
			isa = PBXFrameworksBuildPhase;
			buildActionMask = 2147483647;
			files = (
			);
			runOnlyForDeploymentPostprocessing = 0;
		};
		9D8263F61D9F28C000CFE782 /* Frameworks */ = {
			isa = PBXFrameworksBuildPhase;
			buildActionMask = 2147483647;
			files = (
			);
			runOnlyForDeploymentPostprocessing = 0;
		};
/* End PBXFrameworksBuildPhase section */

/* Begin PBXGroup section */
		9D8263D11D9F28C000CFE782 = {
			isa = PBXGroup;
			children = (
				9D8263DC1D9F28C000CFE782 /* Hello-iOS */,
				9D8263F11D9F28C000CFE782 /* Hello-iOSTests */,
				9D8263FC1D9F28C000CFE782 /* Hello-iOSUITests */,
				9D8263DB1D9F28C000CFE782 /* Products */,
			);
			sourceTree = "<group>";
		};
		9D8263DB1D9F28C000CFE782 /* Products */ = {
			isa = PBXGroup;
			children = (
				9D8263DA1D9F28C000CFE782 /* Hello-iOS.app */,
				9D8263EE1D9F28C000CFE782 /* Hello-iOSTests.xctest */,
				9D8263F91D9F28C000CFE782 /* Hello-iOSUITests.xctest */,
			);
			name = Products;
			sourceTree = "<group>";
		};
		9D8263DC1D9F28C000CFE782 /* Hello-iOS */ = {
			isa = PBXGroup;
			children = (
				9D8263DD1D9F28C000CFE782 /* AppDelegate.swift */,
				9D8263DF1D9F28C000CFE782 /* ViewController.swift */,
				9D8263E11D9F28C000CFE782 /* Main.storyboard */,
				9D8263E41D9F28C000CFE782 /* Assets.xcassets */,
				9D8263E61D9F28C000CFE782 /* LaunchScreen.storyboard */,
				9D8263E91D9F28C000CFE782 /* Info.plist */,
			);
			path = "Hello-iOS";
			sourceTree = "<group>";
		};
		9D8263F11D9F28C000CFE782 /* Hello-iOSTests */ = {
			isa = PBXGroup;
			children = (
				9D8263F21D9F28C000CFE782 /* Hello_iOSTests.swift */,
				9D8263F41D9F28C000CFE782 /* Info.plist */,
			);
			path = "Hello-iOSTests";
			sourceTree = "<group>";
		};
		9D8263FC1D9F28C000CFE782 /* Hello-iOSUITests */ = {
			isa = PBXGroup;
			children = (
				9D8263FD1D9F28C000CFE782 /* Hello_iOSUITests.swift */,
				9D8263FF1D9F28C000CFE782 /* Info.plist */,
			);
			path = "Hello-iOSUITests";
			sourceTree = "<group>";
		};
/* End PBXGroup section */

/* Begin PBXNativeTarget section */
		9D8263D91D9F28C000CFE782 /* Hello-iOS */ = {
			isa = PBXNativeTarget;
			buildConfigurationList = 9D8264021D9F28C000CFE782 /* Build configuration list for PBXNativeTarget "Hello-iOS" */;
			buildPhases = (
				9D8263D61D9F28C000CFE782 /* Sources */,
				9D8263D71D9F28C000CFE782 /* Frameworks */,
				9D8263D81D9F28C000CFE782 /* Resources */,
			);
			buildRules = (
			);
			dependencies = (
			);
			name = "Hello-iOS";
			productName = "Hello-iOS";
			productReference = 9D8263DA1D9F28C000CFE782 /* Hello-iOS.app */;
			productType = "com.apple.product-type.application";
		};
		9D8263ED1D9F28C000CFE782 /* Hello-iOSTests */ = {
			isa = PBXNativeTarget;
			buildConfigurationList = 9D8264051D9F28C000CFE782 /* Build configuration list for PBXNativeTarget "Hello-iOSTests" */;
			buildPhases = (
				9D8263EA1D9F28C000CFE782 /* Sources */,
				9D8263EB1D9F28C000CFE782 /* Frameworks */,
				9D8263EC1D9F28C000CFE782 /* Resources */,
			);
			buildRules = (
			);
			dependencies = (
				9D8263F01D9F28C000CFE782 /* PBXTargetDependency */,
			);
			name = "Hello-iOSTests";
			productName = "Hello-iOSTests";
			productReference = 9D8263EE1D9F28C000CFE782 /* Hello-iOSTests.xctest */;
			productType = "com.apple.product-type.bundle.unit-test";
		};
		9D8263F81D9F28C000CFE782 /* Hello-iOSUITests */ = {
			isa = PBXNativeTarget;
			buildConfigurationList = 9D8264081D9F28C000CFE782 /* Build configuration list for PBXNativeTarget "Hello-iOSUITests" */;
			buildPhases = (
				9D8263F51D9F28C000CFE782 /* Sources */,
				9D8263F61D9F28C000CFE782 /* Frameworks */,
				9D8263F71D9F28C000CFE782 /* Resources */,
			);
			buildRules = (
			);
			dependencies = (
				9D8263FB1D9F28C000CFE782 /* PBXTargetDependency */,
			);
			name = "Hello-iOSUITests";
			productName = "Hello-iOSUITests";
			productReference = 9D8263F91D9F28C000CFE782 /* Hello-iOSUITests.xctest */;
			productType = "com.apple.product-type.bundle.ui-testing";
		};
/* End PBXNativeTarget section */

/* Begin PBXProject section */
		9D8263D21D9F28C000CFE782 /* Project object */ = {
			isa = PBXProject;
			attributes = {
				LastSwiftUpdateCheck = 0800;
				LastUpgradeCheck = 0800;
				ORGANIZATIONNAME = iGuest;
				TargetAttributes = {
					9D8263D91D9F28C000CFE782 = {
						CreatedOnToolsVersion = 8.0;
						ProvisioningStyle = Automatic;
					};
					9D8263ED1D9F28C000CFE782 = {
						CreatedOnToolsVersion = 8.0;
						ProvisioningStyle = Automatic;
						TestTargetID = 9D8263D91D9F28C000CFE782;
					};
					9D8263F81D9F28C000CFE782 = {
						CreatedOnToolsVersion = 8.0;
						ProvisioningStyle = Automatic;
						TestTargetID = 9D8263D91D9F28C000CFE782;
					};
				};
			};
			buildConfigurationList = 9D8263D51D9F28C000CFE782 /* Build configuration list for PBXProject "Hello-iOS" */;
			compatibilityVersion = "Xcode 3.2";
			developmentRegion = English;
			hasScannedForEncodings = 0;
			knownRegions = (
				en,
				Base,
			);
			mainGroup = 9D8263D11D9F28C000CFE782;
			productRefGroup = 9D8263DB1D9F28C000CFE782 /* Products */;
			projectDirPath = "";
			projectRoot = "";
			targets = (
				9D8263D91D9F28C000CFE782 /* Hello-iOS */,
				9D8263ED1D9F28C000CFE782 /* Hello-iOSTests */,
				9D8263F81D9F28C000CFE782 /* Hello-iOSUITests */,
			);
		};
/* End PBXProject section */

/* Begin PBXResourcesBuildPhase section */
		9D8263D81D9F28C000CFE782 /* Resources */ = {
			isa = PBXResourcesBuildPhase;
			buildActionMask = 2147483647;
			files = (
				9D8263E81D9F28C000CFE782 /* LaunchScreen.storyboard in Resources */,
				9D8263E51D9F28C000CFE782 /* Assets.xcassets in Resources */,
				9D8263E31D9F28C000CFE782 /* Main.storyboard in Resources */,
			);
			runOnlyForDeploymentPostprocessing = 0;
		};
		9D8263EC1D9F28C000CFE782 /* Resources */ = {
			isa = PBXResourcesBuildPhase;
			buildActionMask = 2147483647;
			files = (
			);
			runOnlyForDeploymentPostprocessing = 0;
		};
		9D8263F71D9F28C000CFE782 /* Resources */ = {
			isa = PBXResourcesBuildPhase;
			buildActionMask = 2147483647;
			files = (
			);
			runOnlyForDeploymentPostprocessing = 0;
		};
/* End PBXResourcesBuildPhase section */

/* Begin PBXSourcesBuildPhase section */
		9D8263D61D9F28C000CFE782 /* Sources */ = {
			isa = PBXSourcesBuildPhase;
			buildActionMask = 2147483647;
			files = (
				9D8263E01D9F28C000CFE782 /* ViewController.swift in Sources */,
				9D8263DE1D9F28C000CFE782 /* AppDelegate.swift in Sources */,
			);
			runOnlyForDeploymentPostprocessing = 0;
		};
		9D8263EA1D9F28C000CFE782 /* Sources */ = {
			isa = PBXSourcesBuildPhase;
			buildActionMask = 2147483647;
			files = (
				9D8263F31D9F28C000CFE782 /* Hello_iOSTests.swift in Sources */,
			);
			runOnlyForDeploymentPostprocessing = 0;
		};
		9D8263F51D9F28C000CFE782 /* Sources */ = {
			isa = PBXSourcesBuildPhase;
			buildActionMask = 2147483647;
			files = (
				9D8263FE1D9F28C000CFE782 /* Hello_iOSUITests.swift in Sources */,
			);
			runOnlyForDeploymentPostprocessing = 0;
		};
/* End PBXSourcesBuildPhase section */

/* Begin PBXTargetDependency section */
		9D8263F01D9F28C000CFE782 /* PBXTargetDependency */ = {
			isa = PBXTargetDependency;
			target = 9D8263D91D9F28C000CFE782 /* Hello-iOS */;
			targetProxy = 9D8263EF1D9F28C000CFE782 /* PBXContainerItemProxy */;
		};
		9D8263FB1D9F28C000CFE782 /* PBXTargetDependency */ = {
			isa = PBXTargetDependency;
			target = 9D8263D91D9F28C000CFE782 /* Hello-iOS */;
			targetProxy = 9D8263FA1D9F28C000CFE782 /* PBXContainerItemProxy */;
		};
/* End PBXTargetDependency section */

/* Begin PBXVariantGroup section */
		9D8263E11D9F28C000CFE782 /* Main.storyboard */ = {
			isa = PBXVariantGroup;
			children = (
				9D8263E21D9F28C000CFE782 /* Base */,
			);
			name = Main.storyboard;
			sourceTree = "<group>";
		};
		9D8263E61D9F28C000CFE782 /* LaunchScreen.storyboard */ = {
			isa = PBXVariantGroup;
			children = (
				9D8263E71D9F28C000CFE782 /* Base */,
			);
			name = LaunchScreen.storyboard;
			sourceTree = "<group>";
		};
/* End PBXVariantGroup section */

/* Begin XCBuildConfiguration section */
		9D8264001D9F28C000CFE782 /* Debug */ = {
			isa = XCBuildConfiguration;
			buildSettings = {
				ALWAYS_SEARCH_USER_PATHS = NO;
				CLANG_ANALYZER_NONNULL = YES;
				CLANG_CXX_LANGUAGE_STANDARD = "gnu++0x";
				CLANG_CXX_LIBRARY = "libc++";
				CLANG_ENABLE_MODULES = YES;
				CLANG_ENABLE_OBJC_ARC = YES;
				CLANG_WARN_BOOL_CONVERSION = YES;
				CLANG_WARN_CONSTANT_CONVERSION = YES;
				CLANG_WARN_DIRECT_OBJC_ISA_USAGE = YES_ERROR;
				CLANG_WARN_DOCUMENTATION_COMMENTS = YES;
				CLANG_WARN_EMPTY_BODY = YES;
				CLANG_WARN_ENUM_CONVERSION = YES;
				CLANG_WARN_INFINITE_RECURSION = YES;
				CLANG_WARN_INT_CONVERSION = YES;
				CLANG_WARN_OBJC_ROOT_CLASS = YES_ERROR;
				CLANG_WARN_SUSPICIOUS_MOVES = YES;
				CLANG_WARN_UNREACHABLE_CODE = YES;
				CLANG_WARN__DUPLICATE_METHOD_MATCH = YES;
				"CODE_SIGN_IDENTITY[sdk=iphoneos*]" = "iPhone Developer";
				COPY_PHASE_STRIP = NO;
				DEBUG_INFORMATION_FORMAT = dwarf;
				ENABLE_STRICT_OBJC_MSGSEND = YES;
				ENABLE_TESTABILITY = YES;
				GCC_C_LANGUAGE_STANDARD = gnu99;
				GCC_DYNAMIC_NO_PIC = NO;
				GCC_NO_COMMON_BLOCKS = YES;
				GCC_OPTIMIZATION_LEVEL = 0;
				GCC_PREPROCESSOR_DEFINITIONS = (
					"DEBUG=1",
					"$(inherited)",
				);
				GCC_WARN_64_TO_32_BIT_CONVERSION = YES;
				GCC_WARN_ABOUT_RETURN_TYPE = YES_ERROR;
				GCC_WARN_UNDECLARED_SELECTOR = YES;
				GCC_WARN_UNINITIALIZED_AUTOS = YES_AGGRESSIVE;
				GCC_WARN_UNUSED_FUNCTION = YES;
				GCC_WARN_UNUSED_VARIABLE = YES;
				IPHONEOS_DEPLOYMENT_TARGET = 10.0;
				MTL_ENABLE_DEBUG_INFO = YES;
				ONLY_ACTIVE_ARCH = YES;
				SDKROOT = iphoneos;
				SWIFT_ACTIVE_COMPILATION_CONDITIONS = DEBUG;
				SWIFT_OPTIMIZATION_LEVEL = "-Onone";
				TARGETED_DEVICE_FAMILY = "1,2";
			};
			name = Debug;
		};
		9D8264011D9F28C000CFE782 /* Release */ = {
			isa = XCBuildConfiguration;
			buildSettings = {
				ALWAYS_SEARCH_USER_PATHS = NO;
				CLANG_ANALYZER_NONNULL = YES;
				CLANG_CXX_LANGUAGE_STANDARD = "gnu++0x";
				CLANG_CXX_LIBRARY = "libc++";
				CLANG_ENABLE_MODULES = YES;
				CLANG_ENABLE_OBJC_ARC = YES;
				CLANG_WARN_BOOL_CONVERSION = YES;
				CLANG_WARN_CONSTANT_CONVERSION = YES;
				CLANG_WARN_DIRECT_OBJC_ISA_USAGE = YES_ERROR;
				CLANG_WARN_DOCUMENTATION_COMMENTS = YES;
				CLANG_WARN_EMPTY_BODY = YES;
				CLANG_WARN_ENUM_CONVERSION = YES;
				CLANG_WARN_INFINITE_RECURSION = YES;
				CLANG_WARN_INT_CONVERSION = YES;
				CLANG_WARN_OBJC_ROOT_CLASS = YES_ERROR;
				CLANG_WARN_SUSPICIOUS_MOVES = YES;
				CLANG_WARN_UNREACHABLE_CODE = YES;
				CLANG_WARN__DUPLICATE_METHOD_MATCH = YES;
				"CODE_SIGN_IDENTITY[sdk=iphoneos*]" = "iPhone Developer";
				COPY_PHASE_STRIP = NO;
				DEBUG_INFORMATION_FORMAT = "dwarf-with-dsym";
				ENABLE_NS_ASSERTIONS = NO;
				ENABLE_STRICT_OBJC_MSGSEND = YES;
				GCC_C_LANGUAGE_STANDARD = gnu99;
				GCC_NO_COMMON_BLOCKS = YES;
				GCC_WARN_64_TO_32_BIT_CONVERSION = YES;
				GCC_WARN_ABOUT_RETURN_TYPE = YES_ERROR;
				GCC_WARN_UNDECLARED_SELECTOR = YES;
				GCC_WARN_UNINITIALIZED_AUTOS = YES_AGGRESSIVE;
				GCC_WARN_UNUSED_FUNCTION = YES;
				GCC_WARN_UNUSED_VARIABLE = YES;
				IPHONEOS_DEPLOYMENT_TARGET = 10.0;
				MTL_ENABLE_DEBUG_INFO = NO;
				SDKROOT = iphoneos;
				SWIFT_OPTIMIZATION_LEVEL = "-Owholemodule";
				TARGETED_DEVICE_FAMILY = "1,2";
				VALIDATE_PRODUCT = YES;
			};
			name = Release;
		};
		9D8264031D9F28C000CFE782 /* Debug */ = {
			isa = XCBuildConfiguration;
			buildSettings = {
				ASSETCATALOG_COMPILER_APPICON_NAME = AppIcon;
				INFOPLIST_FILE = "Hello-iOS/Info.plist";
				LD_RUNPATH_SEARCH_PATHS = "$(inherited) @executable_path/Frameworks";
				PRODUCT_BUNDLE_IDENTIFIER = "edu.uw.wtmenten.Hello-iOS";
				PRODUCT_NAME = "$(TARGET_NAME)";
				SWIFT_VERSION = 3.0;
			};
			name = Debug;
		};
		9D8264041D9F28C000CFE782 /* Release */ = {
			isa = XCBuildConfiguration;
			buildSettings = {
				ASSETCATALOG_COMPILER_APPICON_NAME = AppIcon;
				INFOPLIST_FILE = "Hello-iOS/Info.plist";
				LD_RUNPATH_SEARCH_PATHS = "$(inherited) @executable_path/Frameworks";
				PRODUCT_BUNDLE_IDENTIFIER = "edu.uw.wtmenten.Hello-iOS";
				PRODUCT_NAME = "$(TARGET_NAME)";
				SWIFT_VERSION = 3.0;
			};
			name = Release;
		};
		9D8264061D9F28C000CFE782 /* Debug */ = {
			isa = XCBuildConfiguration;
			buildSettings = {
				ALWAYS_EMBED_SWIFT_STANDARD_LIBRARIES = YES;
				BUNDLE_LOADER = "$(TEST_HOST)";
				INFOPLIST_FILE = "Hello-iOSTests/Info.plist";
				LD_RUNPATH_SEARCH_PATHS = "$(inherited) @executable_path/Frameworks @loader_path/Frameworks";
				PRODUCT_BUNDLE_IDENTIFIER = "edu.uw.wtmenten.Hello-iOSTests";
				PRODUCT_NAME = "$(TARGET_NAME)";
				SWIFT_VERSION = 3.0;
				TEST_HOST = "$(BUILT_PRODUCTS_DIR)/Hello-iOS.app/Hello-iOS";
			};
			name = Debug;
		};
		9D8264071D9F28C000CFE782 /* Release */ = {
			isa = XCBuildConfiguration;
			buildSettings = {
				ALWAYS_EMBED_SWIFT_STANDARD_LIBRARIES = YES;
				BUNDLE_LOADER = "$(TEST_HOST)";
				INFOPLIST_FILE = "Hello-iOSTests/Info.plist";
				LD_RUNPATH_SEARCH_PATHS = "$(inherited) @executable_path/Frameworks @loader_path/Frameworks";
				PRODUCT_BUNDLE_IDENTIFIER = "edu.uw.wtmenten.Hello-iOSTests";
				PRODUCT_NAME = "$(TARGET_NAME)";
				SWIFT_VERSION = 3.0;
				TEST_HOST = "$(BUILT_PRODUCTS_DIR)/Hello-iOS.app/Hello-iOS";
			};
			name = Release;
		};
		9D8264091D9F28C000CFE782 /* Debug */ = {
			isa = XCBuildConfiguration;
			buildSettings = {
				ALWAYS_EMBED_SWIFT_STANDARD_LIBRARIES = YES;
				INFOPLIST_FILE = "Hello-iOSUITests/Info.plist";
				LD_RUNPATH_SEARCH_PATHS = "$(inherited) @executable_path/Frameworks @loader_path/Frameworks";
				PRODUCT_BUNDLE_IDENTIFIER = "edu.uw.wtmenten.Hello-iOSUITests";
				PRODUCT_NAME = "$(TARGET_NAME)";
				SWIFT_VERSION = 3.0;
				TEST_TARGET_NAME = "Hello-iOS";
			};
			name = Debug;
		};
		9D82640A1D9F28C000CFE782 /* Release */ = {
			isa = XCBuildConfiguration;
			buildSettings = {
				ALWAYS_EMBED_SWIFT_STANDARD_LIBRARIES = YES;
				INFOPLIST_FILE = "Hello-iOSUITests/Info.plist";
				LD_RUNPATH_SEARCH_PATHS = "$(inherited) @executable_path/Frameworks @loader_path/Frameworks";
				PRODUCT_BUNDLE_IDENTIFIER = "edu.uw.wtmenten.Hello-iOSUITests";
				PRODUCT_NAME = "$(TARGET_NAME)";
				SWIFT_VERSION = 3.0;
				TEST_TARGET_NAME = "Hello-iOS";
			};
			name = Release;
		};
/* End XCBuildConfiguration section */

/* Begin XCConfigurationList section */
		9D8263D51D9F28C000CFE782 /* Build configuration list for PBXProject "Hello-iOS" */ = {
			isa = XCConfigurationList;
			buildConfigurations = (
				9D8264001D9F28C000CFE782 /* Debug */,
				9D8264011D9F28C000CFE782 /* Release */,
			);
			defaultConfigurationIsVisible = 0;
			defaultConfigurationName = Release;
		};
		9D8264021D9F28C000CFE782 /* Build configuration list for PBXNativeTarget "Hello-iOS" */ = {
			isa = XCConfigurationList;
			buildConfigurations = (
				9D8264031D9F28C000CFE782 /* Debug */,
				9D8264041D9F28C000CFE782 /* Release */,
			);
			defaultConfigurationIsVisible = 0;
		};
		9D8264051D9F28C000CFE782 /* Build configuration list for PBXNativeTarget "Hello-iOSTests" */ = {
			isa = XCConfigurationList;
			buildConfigurations = (
				9D8264061D9F28C000CFE782 /* Debug */,
				9D8264071D9F28C000CFE782 /* Release */,
			);
			defaultConfigurationIsVisible = 0;
		};
		9D8264081D9F28C000CFE782 /* Build configuration list for PBXNativeTarget "Hello-iOSUITests" */ = {
			isa = XCConfigurationList;
			buildConfigurations = (
				9D8264091D9F28C000CFE782 /* Debug */,
				9D82640A1D9F28C000CFE782 /* Release */,
			);
			defaultConfigurationIsVisible = 0;
		};
/* End XCConfigurationList section */
	};
	rootObject = 9D8263D21D9F28C000CFE782 /* Project object */;
}
